// !$*UTF8*$!
{
	archiveVersion = 1;
	classes = {
	};
	objectVersion = 56;
	objects = {

/* Begin PBXBuildFile section */
		5CAAFE3B2902F2A900D88B12 /* Rocket+CoreDataClass.swift in Sources */ = {isa = PBXBuildFile; fileRef = 5CAAFE392902F2A900D88B12 /* Rocket+CoreDataClass.swift */; };
		5CAAFE3C2902F2A900D88B12 /* Rocket+CoreDataProperties.swift in Sources */ = {isa = PBXBuildFile; fileRef = 5CAAFE3A2902F2A900D88B12 /* Rocket+CoreDataProperties.swift */; };
		5CAAFE3E2902F5B300D88B12 /* FavoriteRocketsViewController.swift in Sources */ = {isa = PBXBuildFile; fileRef = 5CAAFE3D2902F5B300D88B12 /* FavoriteRocketsViewController.swift */; };
		5CAAFE412902F5F000D88B12 /* FavoriteRocketsViewModel.swift in Sources */ = {isa = PBXBuildFile; fileRef = 5CAAFE402902F5F000D88B12 /* FavoriteRocketsViewModel.swift */; };
		5CD06F4828F9B6C800BB9D1B /* AppDelegate.swift in Sources */ = {isa = PBXBuildFile; fileRef = 5CD06F4728F9B6C800BB9D1B /* AppDelegate.swift */; };
		5CD06F4A28F9B6C800BB9D1B /* SceneDelegate.swift in Sources */ = {isa = PBXBuildFile; fileRef = 5CD06F4928F9B6C800BB9D1B /* SceneDelegate.swift */; };
		5CD06F4C28F9B6C800BB9D1B /* ViewController.swift in Sources */ = {isa = PBXBuildFile; fileRef = 5CD06F4B28F9B6C800BB9D1B /* ViewController.swift */; };
		5CD06F4F28F9B6C800BB9D1B /* Main.storyboard in Resources */ = {isa = PBXBuildFile; fileRef = 5CD06F4D28F9B6C800BB9D1B /* Main.storyboard */; };
		5CD06F5228F9B6C800BB9D1B /* SpaceXProject_MVVM.xcdatamodeld in Sources */ = {isa = PBXBuildFile; fileRef = 5CD06F5028F9B6C800BB9D1B /* SpaceXProject_MVVM.xcdatamodeld */; };
		5CD06F5428F9B6C900BB9D1B /* Assets.xcassets in Resources */ = {isa = PBXBuildFile; fileRef = 5CD06F5328F9B6C900BB9D1B /* Assets.xcassets */; };
		5CD06F5728F9B6C900BB9D1B /* LaunchScreen.storyboard in Resources */ = {isa = PBXBuildFile; fileRef = 5CD06F5528F9B6C900BB9D1B /* LaunchScreen.storyboard */; };
		5CD06F6128F9B95100BB9D1B /* RocketViewCell.swift in Sources */ = {isa = PBXBuildFile; fileRef = 5CD06F6028F9B95100BB9D1B /* RocketViewCell.swift */; };
		5CD06F6328F9BEF700BB9D1B /* DetailViewController.swift in Sources */ = {isa = PBXBuildFile; fileRef = 5CD06F6228F9BEF700BB9D1B /* DetailViewController.swift */; };
		5CD06F6628F9C0D300BB9D1B /* Kingfisher in Frameworks */ = {isa = PBXBuildFile; productRef = 5CD06F6528F9C0D300BB9D1B /* Kingfisher */; };
		5CD06F6B28F9C1E700BB9D1B /* MainViewModel.swift in Sources */ = {isa = PBXBuildFile; fileRef = 5CD06F6A28F9C1E700BB9D1B /* MainViewModel.swift */; };
		5CD06F7328F9C35400BB9D1B /* MainWebService.swift in Sources */ = {isa = PBXBuildFile; fileRef = 5CD06F7228F9C35400BB9D1B /* MainWebService.swift */; };
		5CD06F7528FDB94900BB9D1B /* SpaceXModel.swift in Sources */ = {isa = PBXBuildFile; fileRef = 5CD06F7428FDB94900BB9D1B /* SpaceXModel.swift */; };
/* End PBXBuildFile section */

/* Begin PBXFileReference section */
		5CAAFE392902F2A900D88B12 /* Rocket+CoreDataClass.swift */ = {isa = PBXFileReference; lastKnownFileType = sourcecode.swift; path = "Rocket+CoreDataClass.swift"; sourceTree = "<group>"; };
		5CAAFE3A2902F2A900D88B12 /* Rocket+CoreDataProperties.swift */ = {isa = PBXFileReference; lastKnownFileType = sourcecode.swift; path = "Rocket+CoreDataProperties.swift"; sourceTree = "<group>"; };
		5CAAFE3D2902F5B300D88B12 /* FavoriteRocketsViewController.swift */ = {isa = PBXFileReference; lastKnownFileType = sourcecode.swift; path = FavoriteRocketsViewController.swift; sourceTree = "<group>"; };
		5CAAFE402902F5F000D88B12 /* FavoriteRocketsViewModel.swift */ = {isa = PBXFileReference; lastKnownFileType = sourcecode.swift; path = FavoriteRocketsViewModel.swift; sourceTree = "<group>"; };
		5CD06F4428F9B6C800BB9D1B /* SpaceXProject-MVVM.app */ = {isa = PBXFileReference; explicitFileType = wrapper.application; includeInIndex = 0; path = "SpaceXProject-MVVM.app"; sourceTree = BUILT_PRODUCTS_DIR; };
		5CD06F4728F9B6C800BB9D1B /* AppDelegate.swift */ = {isa = PBXFileReference; lastKnownFileType = sourcecode.swift; path = AppDelegate.swift; sourceTree = "<group>"; };
		5CD06F4928F9B6C800BB9D1B /* SceneDelegate.swift */ = {isa = PBXFileReference; lastKnownFileType = sourcecode.swift; path = SceneDelegate.swift; sourceTree = "<group>"; };
		5CD06F4B28F9B6C800BB9D1B /* ViewController.swift */ = {isa = PBXFileReference; lastKnownFileType = sourcecode.swift; path = ViewController.swift; sourceTree = "<group>"; };
		5CD06F4E28F9B6C800BB9D1B /* Base */ = {isa = PBXFileReference; lastKnownFileType = file.storyboard; name = Base; path = Base.lproj/Main.storyboard; sourceTree = "<group>"; };
		5CD06F5128F9B6C800BB9D1B /* SpaceXProject_MVVM.xcdatamodel */ = {isa = PBXFileReference; lastKnownFileType = wrapper.xcdatamodel; path = SpaceXProject_MVVM.xcdatamodel; sourceTree = "<group>"; };
		5CD06F5328F9B6C900BB9D1B /* Assets.xcassets */ = {isa = PBXFileReference; lastKnownFileType = folder.assetcatalog; path = Assets.xcassets; sourceTree = "<group>"; };
		5CD06F5628F9B6C900BB9D1B /* Base */ = {isa = PBXFileReference; lastKnownFileType = file.storyboard; name = Base; path = Base.lproj/LaunchScreen.storyboard; sourceTree = "<group>"; };
		5CD06F5828F9B6C900BB9D1B /* Info.plist */ = {isa = PBXFileReference; lastKnownFileType = text.plist.xml; path = Info.plist; sourceTree = "<group>"; };
		5CD06F6028F9B95100BB9D1B /* RocketViewCell.swift */ = {isa = PBXFileReference; lastKnownFileType = sourcecode.swift; path = RocketViewCell.swift; sourceTree = "<group>"; };
		5CD06F6228F9BEF700BB9D1B /* DetailViewController.swift */ = {isa = PBXFileReference; lastKnownFileType = sourcecode.swift; path = DetailViewController.swift; sourceTree = "<group>"; };
		5CD06F6A28F9C1E700BB9D1B /* MainViewModel.swift */ = {isa = PBXFileReference; lastKnownFileType = sourcecode.swift; path = MainViewModel.swift; sourceTree = "<group>"; };
		5CD06F7228F9C35400BB9D1B /* MainWebService.swift */ = {isa = PBXFileReference; lastKnownFileType = sourcecode.swift; path = MainWebService.swift; sourceTree = "<group>"; };
		5CD06F7428FDB94900BB9D1B /* SpaceXModel.swift */ = {isa = PBXFileReference; lastKnownFileType = sourcecode.swift; path = SpaceXModel.swift; sourceTree = "<group>"; };
/* End PBXFileReference section */

/* Begin PBXFrameworksBuildPhase section */
		5CD06F4128F9B6C800BB9D1B /* Frameworks */ = {
			isa = PBXFrameworksBuildPhase;
			buildActionMask = 2147483647;
			files = (
				5CD06F6628F9C0D300BB9D1B /* Kingfisher in Frameworks */,
			);
			runOnlyForDeploymentPostprocessing = 0;
		};
/* End PBXFrameworksBuildPhase section */

/* Begin PBXGroup section */
		5CAAFE342902EC2400D88B12 /* Database */ = {
			isa = PBXGroup;
			children = (
				5CAAFE392902F2A900D88B12 /* Rocket+CoreDataClass.swift */,
				5CAAFE3A2902F2A900D88B12 /* Rocket+CoreDataProperties.swift */,
			);
			path = Database;
			sourceTree = "<group>";
		};
		5CAAFE3F2902F5D200D88B12 /* FavoriteViewModel */ = {
			isa = PBXGroup;
			children = (
				5CAAFE402902F5F000D88B12 /* FavoriteRocketsViewModel.swift */,
			);
			path = FavoriteViewModel;
			sourceTree = "<group>";
		};
		5CD06F3B28F9B6C800BB9D1B = {
			isa = PBXGroup;
			children = (
				5CD06F4628F9B6C800BB9D1B /* SpaceXProject-MVVM */,
				5CD06F4528F9B6C800BB9D1B /* Products */,
			);
			sourceTree = "<group>";
		};
		5CD06F4528F9B6C800BB9D1B /* Products */ = {
			isa = PBXGroup;
			children = (
				5CD06F4428F9B6C800BB9D1B /* SpaceXProject-MVVM.app */,
			);
			name = Products;
			sourceTree = "<group>";
		};
		5CD06F4628F9B6C800BB9D1B /* SpaceXProject-MVVM */ = {
			isa = PBXGroup;
			children = (
				5CAAFE342902EC2400D88B12 /* Database */,
				5CD06F6F28F9C31200BB9D1B /* WebServices */,
				5CD06F6E28F9C27D00BB9D1B /* SupportingFiles */,
				5CD06F6D28F9C23F00BB9D1B /* Screens */,
				5CD06F6828F9C1B200BB9D1B /* Model */,
				5CD06F6728F9C19600BB9D1B /* App */,
			);
			path = "SpaceXProject-MVVM";
			sourceTree = "<group>";
		};
		5CD06F6728F9C19600BB9D1B /* App */ = {
			isa = PBXGroup;
			children = (
				5CD06F4728F9B6C800BB9D1B /* AppDelegate.swift */,
				5CD06F4928F9B6C800BB9D1B /* SceneDelegate.swift */,
			);
			path = App;
			sourceTree = "<group>";
		};
		5CD06F6828F9C1B200BB9D1B /* Model */ = {
			isa = PBXGroup;
			children = (
				5CAAFE3F2902F5D200D88B12 /* FavoriteViewModel */,
				5CD06F6C28F9C20B00BB9D1B /* DetailViewModel */,
				5CD06F6928F9C1BC00BB9D1B /* MainViewModel */,
				5CD06F7428FDB94900BB9D1B /* SpaceXModel.swift */,
			);
			path = Model;
			sourceTree = "<group>";
		};
		5CD06F6928F9C1BC00BB9D1B /* MainViewModel */ = {
			isa = PBXGroup;
			children = (
				5CD06F6A28F9C1E700BB9D1B /* MainViewModel.swift */,
			);
			path = MainViewModel;
			sourceTree = "<group>";
		};
		5CD06F6C28F9C20B00BB9D1B /* DetailViewModel */ = {
			isa = PBXGroup;
			children = (
			);
			path = DetailViewModel;
			sourceTree = "<group>";
		};
		5CD06F6D28F9C23F00BB9D1B /* Screens */ = {
			isa = PBXGroup;
			children = (
				5CD06F4D28F9B6C800BB9D1B /* Main.storyboard */,
				5CD06F4B28F9B6C800BB9D1B /* ViewController.swift */,
				5CD06F6028F9B95100BB9D1B /* RocketViewCell.swift */,
				5CD06F6228F9BEF700BB9D1B /* DetailViewController.swift */,
				5CAAFE3D2902F5B300D88B12 /* FavoriteRocketsViewController.swift */,
			);
			path = Screens;
			sourceTree = "<group>";
		};
		5CD06F6E28F9C27D00BB9D1B /* SupportingFiles */ = {
			isa = PBXGroup;
			children = (
				5CD06F5328F9B6C900BB9D1B /* Assets.xcassets */,
				5CD06F5028F9B6C800BB9D1B /* SpaceXProject_MVVM.xcdatamodeld */,
				5CD06F5828F9B6C900BB9D1B /* Info.plist */,
				5CD06F5528F9B6C900BB9D1B /* LaunchScreen.storyboard */,
			);
			path = SupportingFiles;
			sourceTree = "<group>";
		};
		5CD06F6F28F9C31200BB9D1B /* WebServices */ = {
			isa = PBXGroup;
			children = (
				5CD06F7128F9C32F00BB9D1B /* DetailWebService */,
				5CD06F7028F9C31C00BB9D1B /* MainWebService */,
			);
			path = WebServices;
			sourceTree = "<group>";
		};
		5CD06F7028F9C31C00BB9D1B /* MainWebService */ = {
			isa = PBXGroup;
			children = (
				5CD06F7228F9C35400BB9D1B /* MainWebService.swift */,
			);
			path = MainWebService;
			sourceTree = "<group>";
		};
		5CD06F7128F9C32F00BB9D1B /* DetailWebService */ = {
			isa = PBXGroup;
			children = (
			);
			path = DetailWebService;
			sourceTree = "<group>";
		};
/* End PBXGroup section */

/* Begin PBXNativeTarget section */
		5CD06F4328F9B6C800BB9D1B /* SpaceXProject-MVVM */ = {
			isa = PBXNativeTarget;
			buildConfigurationList = 5CD06F5B28F9B6C900BB9D1B /* Build configuration list for PBXNativeTarget "SpaceXProject-MVVM" */;
			buildPhases = (
				5CD06F4028F9B6C800BB9D1B /* Sources */,
				5CD06F4128F9B6C800BB9D1B /* Frameworks */,
				5CD06F4228F9B6C800BB9D1B /* Resources */,
			);
			buildRules = (
			);
			dependencies = (
			);
			name = "SpaceXProject-MVVM";
			packageProductDependencies = (
				5CD06F6528F9C0D300BB9D1B /* Kingfisher */,
			);
			productName = "SpaceXProject-MVVM";
			productReference = 5CD06F4428F9B6C800BB9D1B /* SpaceXProject-MVVM.app */;
			productType = "com.apple.product-type.application";
		};
/* End PBXNativeTarget section */

/* Begin PBXProject section */
		5CD06F3C28F9B6C800BB9D1B /* Project object */ = {
			isa = PBXProject;
			attributes = {
				BuildIndependentTargetsInParallel = 1;
				LastSwiftUpdateCheck = 1400;
				LastUpgradeCheck = 1400;
				TargetAttributes = {
					5CD06F4328F9B6C800BB9D1B = {
						CreatedOnToolsVersion = 14.0.1;
					};
				};
			};
			buildConfigurationList = 5CD06F3F28F9B6C800BB9D1B /* Build configuration list for PBXProject "SpaceXProject-MVVM" */;
			compatibilityVersion = "Xcode 14.0";
			developmentRegion = en;
			hasScannedForEncodings = 0;
			knownRegions = (
				en,
				Base,
			);
			mainGroup = 5CD06F3B28F9B6C800BB9D1B;
			packageReferences = (
				5CD06F6428F9C0D300BB9D1B /* XCRemoteSwiftPackageReference "Kingfisher" */,
			);
			productRefGroup = 5CD06F4528F9B6C800BB9D1B /* Products */;
			projectDirPath = "";
			projectRoot = "";
			targets = (
				5CD06F4328F9B6C800BB9D1B /* SpaceXProject-MVVM */,
			);
		};
/* End PBXProject section */

/* Begin PBXResourcesBuildPhase section */
		5CD06F4228F9B6C800BB9D1B /* Resources */ = {
			isa = PBXResourcesBuildPhase;
			buildActionMask = 2147483647;
			files = (
				5CD06F5728F9B6C900BB9D1B /* LaunchScreen.storyboard in Resources */,
				5CD06F5428F9B6C900BB9D1B /* Assets.xcassets in Resources */,
				5CD06F4F28F9B6C800BB9D1B /* Main.storyboard in Resources */,
			);
			runOnlyForDeploymentPostprocessing = 0;
		};
/* End PBXResourcesBuildPhase section */

/* Begin PBXSourcesBuildPhase section */
		5CD06F4028F9B6C800BB9D1B /* Sources */ = {
			isa = PBXSourcesBuildPhase;
			buildActionMask = 2147483647;
			files = (
				5CD06F6B28F9C1E700BB9D1B /* MainViewModel.swift in Sources */,
				5CD06F6128F9B95100BB9D1B /* RocketViewCell.swift in Sources */,
				5CAAFE3C2902F2A900D88B12 /* Rocket+CoreDataProperties.swift in Sources */,
				5CD06F4C28F9B6C800BB9D1B /* ViewController.swift in Sources */,
				5CAAFE3E2902F5B300D88B12 /* FavoriteRocketsViewController.swift in Sources */,
				5CAAFE3B2902F2A900D88B12 /* Rocket+CoreDataClass.swift in Sources */,
				5CD06F7328F9C35400BB9D1B /* MainWebService.swift in Sources */,
				5CD06F4828F9B6C800BB9D1B /* AppDelegate.swift in Sources */,
				5CD06F6328F9BEF700BB9D1B /* DetailViewController.swift in Sources */,
				5CD06F4A28F9B6C800BB9D1B /* SceneDelegate.swift in Sources */,
				5CAAFE412902F5F000D88B12 /* FavoriteRocketsViewModel.swift in Sources */,
				5CD06F5228F9B6C800BB9D1B /* SpaceXProject_MVVM.xcdatamodeld in Sources */,
				5CD06F7528FDB94900BB9D1B /* SpaceXModel.swift in Sources */,
			);
			runOnlyForDeploymentPostprocessing = 0;
		};
/* End PBXSourcesBuildPhase section */

/* Begin PBXVariantGroup section */
		5CD06F4D28F9B6C800BB9D1B /* Main.storyboard */ = {
			isa = PBXVariantGroup;
			children = (
				5CD06F4E28F9B6C800BB9D1B /* Base */,
			);
			name = Main.storyboard;
			sourceTree = "<group>";
		};
		5CD06F5528F9B6C900BB9D1B /* LaunchScreen.storyboard */ = {
			isa = PBXVariantGroup;
			children = (
				5CD06F5628F9B6C900BB9D1B /* Base */,
			);
			name = LaunchScreen.storyboard;
			sourceTree = "<group>";
		};
/* End PBXVariantGroup section */

/* Begin XCBuildConfiguration section */
		5CD06F5928F9B6C900BB9D1B /* Debug */ = {
			isa = XCBuildConfiguration;
			buildSettings = {
				ALWAYS_SEARCH_USER_PATHS = NO;
				CLANG_ANALYZER_NONNULL = YES;
				CLANG_ANALYZER_NUMBER_OBJECT_CONVERSION = YES_AGGRESSIVE;
				CLANG_CXX_LANGUAGE_STANDARD = "gnu++20";
				CLANG_ENABLE_MODULES = YES;
				CLANG_ENABLE_OBJC_ARC = YES;
				CLANG_ENABLE_OBJC_WEAK = YES;
				CLANG_WARN_BLOCK_CAPTURE_AUTORELEASING = YES;
				CLANG_WARN_BOOL_CONVERSION = YES;
				CLANG_WARN_COMMA = YES;
				CLANG_WARN_CONSTANT_CONVERSION = YES;
				CLANG_WARN_DEPRECATED_OBJC_IMPLEMENTATIONS = YES;
				CLANG_WARN_DIRECT_OBJC_ISA_USAGE = YES_ERROR;
				CLANG_WARN_DOCUMENTATION_COMMENTS = YES;
				CLANG_WARN_EMPTY_BODY = YES;
				CLANG_WARN_ENUM_CONVERSION = YES;
				CLANG_WARN_INFINITE_RECURSION = YES;
				CLANG_WARN_INT_CONVERSION = YES;
				CLANG_WARN_NON_LITERAL_NULL_CONVERSION = YES;
				CLANG_WARN_OBJC_IMPLICIT_RETAIN_SELF = YES;
				CLANG_WARN_OBJC_LITERAL_CONVERSION = YES;
				CLANG_WARN_OBJC_ROOT_CLASS = YES_ERROR;
				CLANG_WARN_QUOTED_INCLUDE_IN_FRAMEWORK_HEADER = YES;
				CLANG_WARN_RANGE_LOOP_ANALYSIS = YES;
				CLANG_WARN_STRICT_PROTOTYPES = YES;
				CLANG_WARN_SUSPICIOUS_MOVE = YES;
				CLANG_WARN_UNGUARDED_AVAILABILITY = YES_AGGRESSIVE;
				CLANG_WARN_UNREACHABLE_CODE = YES;
				CLANG_WARN__DUPLICATE_METHOD_MATCH = YES;
				COPY_PHASE_STRIP = NO;
				DEBUG_INFORMATION_FORMAT = dwarf;
				ENABLE_STRICT_OBJC_MSGSEND = YES;
				ENABLE_TESTABILITY = YES;
				GCC_C_LANGUAGE_STANDARD = gnu11;
				GCC_DYNAMIC_NO_PIC = NO;
				GCC_NO_COMMON_BLOCKS = YES;
				GCC_OPTIMIZATION_LEVEL = 0;
				GCC_PREPROCESSOR_DEFINITIONS = (
					"DEBUG=1",
					"$(inherited)",
				);
				GCC_WARN_64_TO_32_BIT_CONVERSION = YES;
				GCC_WARN_ABOUT_RETURN_TYPE = YES_ERROR;
				GCC_WARN_UNDECLARED_SELECTOR = YES;
				GCC_WARN_UNINITIALIZED_AUTOS = YES_AGGRESSIVE;
				GCC_WARN_UNUSED_FUNCTION = YES;
				GCC_WARN_UNUSED_VARIABLE = YES;
				IPHONEOS_DEPLOYMENT_TARGET = 16.0;
				MTL_ENABLE_DEBUG_INFO = INCLUDE_SOURCE;
				MTL_FAST_MATH = YES;
				ONLY_ACTIVE_ARCH = YES;
				SDKROOT = iphoneos;
				SWIFT_ACTIVE_COMPILATION_CONDITIONS = DEBUG;
				SWIFT_OPTIMIZATION_LEVEL = "-Onone";
			};
			name = Debug;
		};
		5CD06F5A28F9B6C900BB9D1B /* Release */ = {
			isa = XCBuildConfiguration;
			buildSettings = {
				ALWAYS_SEARCH_USER_PATHS = NO;
				CLANG_ANALYZER_NONNULL = YES;
				CLANG_ANALYZER_NUMBER_OBJECT_CONVERSION = YES_AGGRESSIVE;
				CLANG_CXX_LANGUAGE_STANDARD = "gnu++20";
				CLANG_ENABLE_MODULES = YES;
				CLANG_ENABLE_OBJC_ARC = YES;
				CLANG_ENABLE_OBJC_WEAK = YES;
				CLANG_WARN_BLOCK_CAPTURE_AUTORELEASING = YES;
				CLANG_WARN_BOOL_CONVERSION = YES;
				CLANG_WARN_COMMA = YES;
				CLANG_WARN_CONSTANT_CONVERSION = YES;
				CLANG_WARN_DEPRECATED_OBJC_IMPLEMENTATIONS = YES;
				CLANG_WARN_DIRECT_OBJC_ISA_USAGE = YES_ERROR;
				CLANG_WARN_DOCUMENTATION_COMMENTS = YES;
				CLANG_WARN_EMPTY_BODY = YES;
				CLANG_WARN_ENUM_CONVERSION = YES;
				CLANG_WARN_INFINITE_RECURSION = YES;
				CLANG_WARN_INT_CONVERSION = YES;
				CLANG_WARN_NON_LITERAL_NULL_CONVERSION = YES;
				CLANG_WARN_OBJC_IMPLICIT_RETAIN_SELF = YES;
				CLANG_WARN_OBJC_LITERAL_CONVERSION = YES;
				CLANG_WARN_OBJC_ROOT_CLASS = YES_ERROR;
				CLANG_WARN_QUOTED_INCLUDE_IN_FRAMEWORK_HEADER = YES;
				CLANG_WARN_RANGE_LOOP_ANALYSIS = YES;
				CLANG_WARN_STRICT_PROTOTYPES = YES;
				CLANG_WARN_SUSPICIOUS_MOVE = YES;
				CLANG_WARN_UNGUARDED_AVAILABILITY = YES_AGGRESSIVE;
				CLANG_WARN_UNREACHABLE_CODE = YES;
				CLANG_WARN__DUPLICATE_METHOD_MATCH = YES;
				COPY_PHASE_STRIP = NO;
				DEBUG_INFORMATION_FORMAT = "dwarf-with-dsym";
				ENABLE_NS_ASSERTIONS = NO;
				ENABLE_STRICT_OBJC_MSGSEND = YES;
				GCC_C_LANGUAGE_STANDARD = gnu11;
				GCC_NO_COMMON_BLOCKS = YES;
				GCC_WARN_64_TO_32_BIT_CONVERSION = YES;
				GCC_WARN_ABOUT_RETURN_TYPE = YES_ERROR;
				GCC_WARN_UNDECLARED_SELECTOR = YES;
				GCC_WARN_UNINITIALIZED_AUTOS = YES_AGGRESSIVE;
				GCC_WARN_UNUSED_FUNCTION = YES;
				GCC_WARN_UNUSED_VARIABLE = YES;
				IPHONEOS_DEPLOYMENT_TARGET = 16.0;
				MTL_ENABLE_DEBUG_INFO = NO;
				MTL_FAST_MATH = YES;
				SDKROOT = iphoneos;
				SWIFT_COMPILATION_MODE = wholemodule;
				SWIFT_OPTIMIZATION_LEVEL = "-O";
				VALIDATE_PRODUCT = YES;
			};
			name = Release;
		};
		5CD06F5C28F9B6C900BB9D1B /* Debug */ = {
			isa = XCBuildConfiguration;
			buildSettings = {
				ASSETCATALOG_COMPILER_APPICON_NAME = AppIcon;
				ASSETCATALOG_COMPILER_GLOBAL_ACCENT_COLOR_NAME = AccentColor;
				CODE_SIGN_STYLE = Automatic;
				CURRENT_PROJECT_VERSION = 1;
				DEVELOPMENT_TEAM = 6N4HMYH8YX;
				GENERATE_INFOPLIST_FILE = YES;
				INFOPLIST_FILE = "SpaceXProject-MVVM/SupportingFiles/Info.plist";
				INFOPLIST_KEY_UIApplicationSupportsIndirectInputEvents = YES;
				INFOPLIST_KEY_UILaunchStoryboardName = LaunchScreen;
				INFOPLIST_KEY_UIMainStoryboardFile = Main;
				INFOPLIST_KEY_UISupportedInterfaceOrientations_iPad = "UIInterfaceOrientationPortrait UIInterfaceOrientationPortraitUpsideDown UIInterfaceOrientationLandscapeLeft UIInterfaceOrientationLandscapeRight";
				INFOPLIST_KEY_UISupportedInterfaceOrientations_iPhone = "UIInterfaceOrientationPortrait UIInterfaceOrientationLandscapeLeft UIInterfaceOrientationLandscapeRight";
				LD_RUNPATH_SEARCH_PATHS = (
					"$(inherited)",
					"@executable_path/Frameworks",
				);
				MARKETING_VERSION = 1.0;
				PRODUCT_BUNDLE_IDENTIFIER = "com.turancabuk.SpaceXProject-MVVM";
				PRODUCT_NAME = "$(TARGET_NAME)";
				SWIFT_EMIT_LOC_STRINGS = YES;
				SWIFT_VERSION = 5.0;
				TARGETED_DEVICE_FAMILY = "1,2";
			};
			name = Debug;
		};
		5CD06F5D28F9B6C900BB9D1B /* Release */ = {
			isa = XCBuildConfiguration;
			buildSettings = {
				ASSETCATALOG_COMPILER_APPICON_NAME = AppIcon;
				ASSETCATALOG_COMPILER_GLOBAL_ACCENT_COLOR_NAME = AccentColor;
				CODE_SIGN_STYLE = Automatic;
				CURRENT_PROJECT_VERSION = 1;
				DEVELOPMENT_TEAM = 6N4HMYH8YX;
				GENERATE_INFOPLIST_FILE = YES;
				INFOPLIST_FILE = "SpaceXProject-MVVM/SupportingFiles/Info.plist";
				INFOPLIST_KEY_UIApplicationSupportsIndirectInputEvents = YES;
				INFOPLIST_KEY_UILaunchStoryboardName = LaunchScreen;
				INFOPLIST_KEY_UIMainStoryboardFile = Main;
				INFOPLIST_KEY_UISupportedInterfaceOrientations_iPad = "UIInterfaceOrientationPortrait UIInterfaceOrientationPortraitUpsideDown UIInterfaceOrientationLandscapeLeft UIInterfaceOrientationLandscapeRight";
				INFOPLIST_KEY_UISupportedInterfaceOrientations_iPhone = "UIInterfaceOrientationPortrait UIInterfaceOrientationLandscapeLeft UIInterfaceOrientationLandscapeRight";
				LD_RUNPATH_SEARCH_PATHS = (
					"$(inherited)",
					"@executable_path/Frameworks",
				);
				MARKETING_VERSION = 1.0;
				PRODUCT_BUNDLE_IDENTIFIER = "com.turancabuk.SpaceXProject-MVVM";
				PRODUCT_NAME = "$(TARGET_NAME)";
				SWIFT_EMIT_LOC_STRINGS = YES;
				SWIFT_VERSION = 5.0;
				TARGETED_DEVICE_FAMILY = "1,2";
			};
			name = Release;
		};
/* End XCBuildConfiguration section */

/* Begin XCConfigurationList section */
		5CD06F3F28F9B6C800BB9D1B /* Build configuration list for PBXProject "SpaceXProject-MVVM" */ = {
			isa = XCConfigurationList;
			buildConfigurations = (
				5CD06F5928F9B6C900BB9D1B /* Debug */,
				5CD06F5A28F9B6C900BB9D1B /* Release */,
			);
			defaultConfigurationIsVisible = 0;
			defaultConfigurationName = Release;
		};
		5CD06F5B28F9B6C900BB9D1B /* Build configuration list for PBXNativeTarget "SpaceXProject-MVVM" */ = {
			isa = XCConfigurationList;
			buildConfigurations = (
				5CD06F5C28F9B6C900BB9D1B /* Debug */,
				5CD06F5D28F9B6C900BB9D1B /* Release */,
			);
			defaultConfigurationIsVisible = 0;
			defaultConfigurationName = Release;
		};
/* End XCConfigurationList section */

/* Begin XCRemoteSwiftPackageReference section */
		5CD06F6428F9C0D300BB9D1B /* XCRemoteSwiftPackageReference "Kingfisher" */ = {
			isa = XCRemoteSwiftPackageReference;
			repositoryURL = "https://github.com/onevcat/Kingfisher.git";
			requirement = {
				kind = upToNextMajorVersion;
				minimumVersion = 7.0.0;
			};
		};
/* End XCRemoteSwiftPackageReference section */

/* Begin XCSwiftPackageProductDependency section */
		5CD06F6528F9C0D300BB9D1B /* Kingfisher */ = {
			isa = XCSwiftPackageProductDependency;
			package = 5CD06F6428F9C0D300BB9D1B /* XCRemoteSwiftPackageReference "Kingfisher" */;
			productName = Kingfisher;
		};
/* End XCSwiftPackageProductDependency section */

/* Begin XCVersionGroup section */
		5CD06F5028F9B6C800BB9D1B /* SpaceXProject_MVVM.xcdatamodeld */ = {
			isa = XCVersionGroup;
			children = (
				5CD06F5128F9B6C800BB9D1B /* SpaceXProject_MVVM.xcdatamodel */,
			);
			currentVersion = 5CD06F5128F9B6C800BB9D1B /* SpaceXProject_MVVM.xcdatamodel */;
			path = SpaceXProject_MVVM.xcdatamodeld;
			sourceTree = "<group>";
			versionGroupType = wrapper.xcdatamodel;
		};
/* End XCVersionGroup section */
	};
	rootObject = 5CD06F3C28F9B6C800BB9D1B /* Project object */;
}
